
Microsoft Visual Studio Solution File, Format Version 12.00
# Visual Studio Version 17
VisualStudioVersion = 17.7.34202.233
MinimumVisualStudioVersion = 10.0.40219.1
Project("{FAE04EC0-301F-11D3-BF4B-00C04F79EFBC}") = "DataAccessLayer", "DataAccessLayer\DataAccessLayer.csproj", "{158B9A0E-1455-4CB1-82C3-8B6063414E66}"
EndProject
Project("{FAE04EC0-301F-11D3-BF4B-00C04F79EFBC}") = "AppServiceLayer", "AppServiceLayer\AppServiceLayer.csproj", "{43BFB8C1-4DE1-43F0-9A50-8FE2652F1B20}"
	ProjectSection(ProjectDependencies) = postProject
		{158B9A0E-1455-4CB1-82C3-8B6063414E66} = {158B9A0E-1455-4CB1-82C3-8B6063414E66}
	EndProjectSection
EndProject
Project("{FAE04EC0-301F-11D3-BF4B-00C04F79EFBC}") = "AppUILayer", "AppUILayer\AppUILayer.csproj", "{1B79CDB4-9525-448C-8C2D-53B1181CA1C8}"
	ProjectSection(ProjectDependencies) = postProject
		{158B9A0E-1455-4CB1-82C3-8B6063414E66} = {158B9A0E-1455-4CB1-82C3-8B6063414E66}
		{43BFB8C1-4DE1-43F0-9A50-8FE2652F1B20} = {43BFB8C1-4DE1-43F0-9A50-8FE2652F1B20}
	EndProjectSection
EndProject
Project("{FAE04EC0-301F-11D3-BF4B-00C04F79EFBC}") = "DALTestLayer", "DALTestLayer\DALTestLayer.csproj", "{F17BC0CE-81D9-4DA7-A668-0D0A347C9133}"
EndProject
Global
	GlobalSection(SolutionConfigurationPlatforms) = preSolution
		Debug|Any CPU = Debug|Any CPU
		Release|Any CPU = Release|Any CPU
	EndGlobalSection
	GlobalSection(ProjectConfigurationPlatforms) = postSolution
		{158B9A0E-1455-4CB1-82C3-8B6063414E66}.Debug|Any CPU.ActiveCfg = Debug|Any CPU
		{158B9A0E-1455-4CB1-82C3-8B6063414E66}.Debug|Any CPU.Build.0 = Debug|Any CPU
		{158B9A0E-1455-4CB1-82C3-8B6063414E66}.Release|Any CPU.ActiveCfg = Release|Any CPU
		{158B9A0E-1455-4CB1-82C3-8B6063414E66}.Release|Any CPU.Build.0 = Release|Any CPU
		{43BFB8C1-4DE1-43F0-9A50-8FE2652F1B20}.Debug|Any CPU.ActiveCfg = Debug|Any CPU
		{43BFB8C1-4DE1-43F0-9A50-8FE2652F1B20}.Debug|Any CPU.Build.0 = Debug|Any CPU
		{43BFB8C1-4DE1-43F0-9A50-8FE2652F1B20}.Release|Any CPU.ActiveCfg = Release|Any CPU
		{43BFB8C1-4DE1-43F0-9A50-8FE2652F1B20}.Release|Any CPU.Build.0 = Release|Any CPU
		{1B79CDB4-9525-448C-8C2D-53B1181CA1C8}.Debug|Any CPU.ActiveCfg = Debug|Any CPU
		{1B79CDB4-9525-448C-8C2D-53B1181CA1C8}.Debug|Any CPU.Build.0 = Debug|Any CPU
		{1B79CDB4-9525-448C-8C2D-53B1181CA1C8}.Release|Any CPU.ActiveCfg = Release|Any CPU
		{1B79CDB4-9525-448C-8C2D-53B1181CA1C8}.Release|Any CPU.Build.0 = Release|Any CPU
		{F17BC0CE-81D9-4DA7-A668-0D0A347C9133}.Debug|Any CPU.ActiveCfg = Debug|Any CPU
		{F17BC0CE-81D9-4DA7-A668-0D0A347C9133}.Debug|Any CPU.Build.0 = Debug|Any CPU
		{F17BC0CE-81D9-4DA7-A668-0D0A347C9133}.Release|Any CPU.ActiveCfg = Release|Any CPU
		{F17BC0CE-81D9-4DA7-A668-0D0A347C9133}.Release|Any CPU.Build.0 = Release|Any CPU
	EndGlobalSection
	GlobalSection(SolutionProperties) = preSolution
		HideSolutionNode = FALSE
	EndGlobalSection
	GlobalSection(ExtensibilityGlobals) = postSolution
		SolutionGuid = {7AAD7118-41C6-4282-B816-3C03EC2C29D3}
	EndGlobalSection
EndGlobal
